
Microsoft Visual Studio Solution File, Format Version 12.00
# Visual Studio Version 17
VisualStudioVersion = 17.14.37411.7 d17.14
MinimumVisualStudioVersion = 10.0.40219.1
Project("{FAE04EC0-301F-11D3-BF4B-00C04F79EFBC}") = "website.Api", "website.Api\website.Api.csproj", "{63F852C6-0A30-4C11-85FE-351908B942FB}"
EndProject
Project("{FAE04EC0-301F-11D3-BF4B-00C04F79EFBC}") = "website.Application", "website.Application\website.Application.csproj", "{99C8A497-741C-4BB1-8CA9-2AE45794BF3F}"
EndProject
Project("{FAE04EC0-301F-11D3-BF4B-00C04F79EFBC}") = "website.Domain", "website.Domain\website.Domain.csproj", "{DBB62B40-9CCF-4B0D-8FDD-2904F24D55B7}"
EndProject
Project("{FAE04EC0-301F-11D3-BF4B-00C04F79EFBC}") = "website.Infrastructure", "website.Infrastructure\website.Infrastructure.csproj", "{CFCA7C00-305E-4112-B90E-1F4EE98A53E8}"
EndProject
Global
	GlobalSection(SolutionConfigurationPlatforms) = preSolution
		Debug|Any CPU = Debug|Any CPU
		Release|Any CPU = Release|Any CPU
	EndGlobalSection
	GlobalSection(ProjectConfigurationPlatforms) = postSolution
		{63F852C6-0A30-4C11-85FE-351908B942FB}.Debug|Any CPU.ActiveCfg = Debug|Any CPU
		{63F852C6-0A30-4C11-85FE-351908B942FB}.Debug|Any CPU.Build.0 = Debug|Any CPU
		{63F852C6-0A30-4C11-85FE-351908B942FB}.Release|Any CPU.ActiveCfg = Release|Any CPU
		{63F852C6-0A30-4C11-85FE-351908B942FB}.Release|Any CPU.Build.0 = Release|Any CPU
		{99C8A497-741C-4BB1-8CA9-2AE45794BF3F}.Debug|Any CPU.ActiveCfg = Debug|Any CPU
		{99C8A497-741C-4BB1-8CA9-2AE45794BF3F}.Debug|Any CPU.Build.0 = Debug|Any CPU
		{99C8A497-741C-4BB1-8CA9-2AE45794BF3F}.Release|Any CPU.ActiveCfg = Release|Any CPU
		{99C8A497-741C-4BB1-8CA9-2AE45794BF3F}.Release|Any CPU.Build.0 = Release|Any CPU
		{DBB62B40-9CCF-4B0D-8FDD-2904F24D55B7}.Debug|Any CPU.ActiveCfg = Debug|Any CPU
		{DBB62B40-9CCF-4B0D-8FDD-2904F24D55B7}.Debug|Any CPU.Build.0 = Debug|Any CPU
		{DBB62B40-9CCF-4B0D-8FDD-2904F24D55B7}.Release|Any CPU.ActiveCfg = Release|Any CPU
		{DBB62B40-9CCF-4B0D-8FDD-2904F24D55B7}.Release|Any CPU.Build.0 = Release|Any CPU
		{CFCA7C00-305E-4112-B90E-1F4EE98A53E8}.Debug|Any CPU.ActiveCfg = Debug|Any CPU
		{CFCA7C00-305E-4112-B90E-1F4EE98A53E8}.Debug|Any CPU.Build.0 = Debug|Any CPU
		{CFCA7C00-305E-4112-B90E-1F4EE98A53E8}.Release|Any CPU.ActiveCfg = Release|Any CPU
		{CFCA7C00-305E-4112-B90E-1F4EE98A53E8}.Release|Any CPU.Build.0 = Release|Any CPU
	EndGlobalSection
	GlobalSection(SolutionProperties) = preSolution
		HideSolutionNode = FALSE
	EndGlobalSection
	GlobalSection(ExtensibilityGlobals) = postSolution
		SolutionGuid = {C776F926-87C7-4E01-B1D6-1391B882747B}
	EndGlobalSection
EndGlobal
